Microsoft Visual Studio Solution File, Format Version 12.00
# Visual Studio Version 17
VisualStudioVersion = 17.0.31804.209
MinimumVisualStudioVersion = 10.0.40219.1
Project("{2150E333-8FDC-42A3-9474-1A3956D46DE8}") = "src", "src", "{8C96A8BD-373F-4740-97AA-D0EBC26E0DC5}"
EndProject
Project("{2150E333-8FDC-42A3-9474-1A3956D46DE8}") = "tests", "tests", "{3E04E784-A4D4-4D27-BC67-C3DD2C339A9E}"
EndProject
Project("{2150E333-8FDC-42A3-9474-1A3956D46DE8}") = "ui", "ui", "{E0F8C0C0-952B-481E-9C41-5E3E84BF244B}"
EndProject
Project("{2150E333-8FDC-42A3-9474-1A3956D46DE8}") = "deploy", "deploy", "{BE1D6E2B-548D-4082-A4F2-29B5BAADF779}"
EndProject
Project("{FAE04EC0-301F-11D3-BF4B-00C04F79EFBC}") = "Gateway", "src/Gateway/Gateway.csproj", "{1F2E7719-B5D8-4871-A4E7-4F071275C493}"
EndProject
Project("{FAE04EC0-301F-11D3-BF4B-00C04F79EFBC}") = "AuthServer", "src/AuthServer/AuthServer.csproj", "{0C880631-7CF2-4513-A198-266265150E99}"
EndProject
Project("{FAE04EC0-301F-11D3-BF4B-00C04F79EFBC}") = "OrderService", "src/OrderService/OrderService.csproj", "{806BC31C-E8B1-4176-B21A-2552138C59E5}"
EndProject
Project("{FAE04EC0-301F-11D3-BF4B-00C04F79EFBC}") = "InventoryService", "src/InventoryService/InventoryService.csproj", "{B503F473-499E-46B4-A1AA-6EE56509D271}"
EndProject
Project("{FAE04EC0-301F-11D3-BF4B-00C04F79EFBC}") = "ResultsService", "src/ResultsService/ResultsService.csproj", "{3187864D-BF92-4463-A85A-BAC1E3B27036}"
EndProject
Project("{FAE04EC0-301F-11D3-BF4B-00C04F79EFBC}") = "BenchRunner", "src/BenchRunner/BenchRunner.csproj", "{84F3B305-1929-481A-AD39-F16EF5312BAF}"
EndProject
Project("{FAE04EC0-301F-11D3-BF4B-00C04F79EFBC}") = "Shared.Contracts", "src/Shared.Contracts/Shared.Contracts.csproj", "{74B2DFED-4900-49FF-BEB2-945AE9545DDB}"
EndProject
Project("{FAE04EC0-301F-11D3-BF4B-00C04F79EFBC}") = "Shared.Security", "src/Shared.Security/Shared.Security.csproj", "{2B032513-525D-4CD4-90D7-F927FFE47C87}"
EndProject
Global
	GlobalSection(SolutionConfigurationPlatforms) = preSolution
		Debug|Any CPU = Debug|Any CPU
		Release|Any CPU = Release|Any CPU
	EndGlobalSection
	GlobalSection(ProjectConfigurationPlatforms) = postSolution
		{1F2E7719-B5D8-4871-A4E7-4F071275C493}.Debug|Any CPU.ActiveCfg = Debug|Any CPU
		{1F2E7719-B5D8-4871-A4E7-4F071275C493}.Debug|Any CPU.Build.0 = Debug|Any CPU
		{1F2E7719-B5D8-4871-A4E7-4F071275C493}.Release|Any CPU.ActiveCfg = Release|Any CPU
		{1F2E7719-B5D8-4871-A4E7-4F071275C493}.Release|Any CPU.Build.0 = Release|Any CPU
		{0C880631-7CF2-4513-A198-266265150E99}.Debug|Any CPU.ActiveCfg = Debug|Any CPU
		{0C880631-7CF2-4513-A198-266265150E99}.Debug|Any CPU.Build.0 = Debug|Any CPU
		{0C880631-7CF2-4513-A198-266265150E99}.Release|Any CPU.ActiveCfg = Release|Any CPU
		{0C880631-7CF2-4513-A198-266265150E99}.Release|Any CPU.Build.0 = Release|Any CPU
		{806BC31C-E8B1-4176-B21A-2552138C59E5}.Debug|Any CPU.ActiveCfg = Debug|Any CPU
		{806BC31C-E8B1-4176-B21A-2552138C59E5}.Debug|Any CPU.Build.0 = Debug|Any CPU
		{806BC31C-E8B1-4176-B21A-2552138C59E5}.Release|Any CPU.ActiveCfg = Release|Any CPU
		{806BC31C-E8B1-4176-B21A-2552138C59E5}.Release|Any CPU.Build.0 = Release|Any CPU
		{B503F473-499E-46B4-A1AA-6EE56509D271}.Debug|Any CPU.ActiveCfg = Debug|Any CPU
		{B503F473-499E-46B4-A1AA-6EE56509D271}.Debug|Any CPU.Build.0 = Debug|Any CPU
		{B503F473-499E-46B4-A1AA-6EE56509D271}.Release|Any CPU.ActiveCfg = Release|Any CPU
		{B503F473-499E-46B4-A1AA-6EE56509D271}.Release|Any CPU.Build.0 = Release|Any CPU
		{3187864D-BF92-4463-A85A-BAC1E3B27036}.Debug|Any CPU.ActiveCfg = Debug|Any CPU
		{3187864D-BF92-4463-A85A-BAC1E3B27036}.Debug|Any CPU.Build.0 = Debug|Any CPU
		{3187864D-BF92-4463-A85A-BAC1E3B27036}.Release|Any CPU.ActiveCfg = Release|Any CPU
		{3187864D-BF92-4463-A85A-BAC1E3B27036}.Release|Any CPU.Build.0 = Release|Any CPU
		{84F3B305-1929-481A-AD39-F16EF5312BAF}.Debug|Any CPU.ActiveCfg = Debug|Any CPU
		{84F3B305-1929-481A-AD39-F16EF5312BAF}.Debug|Any CPU.Build.0 = Debug|Any CPU
		{84F3B305-1929-481A-AD39-F16EF5312BAF}.Release|Any CPU.ActiveCfg = Release|Any CPU
		{84F3B305-1929-481A-AD39-F16EF5312BAF}.Release|Any CPU.Build.0 = Release|Any CPU
		{74B2DFED-4900-49FF-BEB2-945AE9545DDB}.Debug|Any CPU.ActiveCfg = Debug|Any CPU
		{74B2DFED-4900-49FF-BEB2-945AE9545DDB}.Debug|Any CPU.Build.0 = Debug|Any CPU
		{74B2DFED-4900-49FF-BEB2-945AE9545DDB}.Release|Any CPU.ActiveCfg = Release|Any CPU
		{74B2DFED-4900-49FF-BEB2-945AE9545DDB}.Release|Any CPU.Build.0 = Release|Any CPU
		{2B032513-525D-4CD4-90D7-F927FFE47C87}.Debug|Any CPU.ActiveCfg = Debug|Any CPU
		{2B032513-525D-4CD4-90D7-F927FFE47C87}.Debug|Any CPU.Build.0 = Debug|Any CPU
		{2B032513-525D-4CD4-90D7-F927FFE47C87}.Release|Any CPU.ActiveCfg = Release|Any CPU
		{2B032513-525D-4CD4-90D7-F927FFE47C87}.Release|Any CPU.Build.0 = Release|Any CPU
	EndGlobalSection
	GlobalSection(SolutionProperties) = preSolution
		HideSolutionNode = FALSE
	EndGlobalSection
	GlobalSection(NestedProjects) = preSolution
		{1F2E7719-B5D8-4871-A4E7-4F071275C493} = {8C96A8BD-373F-4740-97AA-D0EBC26E0DC5}
		{0C880631-7CF2-4513-A198-266265150E99} = {8C96A8BD-373F-4740-97AA-D0EBC26E0DC5}
		{806BC31C-E8B1-4176-B21A-2552138C59E5} = {8C96A8BD-373F-4740-97AA-D0EBC26E0DC5}
		{B503F473-499E-46B4-A1AA-6EE56509D271} = {8C96A8BD-373F-4740-97AA-D0EBC26E0DC5}
		{3187864D-BF92-4463-A85A-BAC1E3B27036} = {8C96A8BD-373F-4740-97AA-D0EBC26E0DC5}
		{84F3B305-1929-481A-AD39-F16EF5312BAF} = {8C96A8BD-373F-4740-97AA-D0EBC26E0DC5}
		{74B2DFED-4900-49FF-BEB2-945AE9545DDB} = {8C96A8BD-373F-4740-97AA-D0EBC26E0DC5}
		{2B032513-525D-4CD4-90D7-F927FFE47C87} = {8C96A8BD-373F-4740-97AA-D0EBC26E0DC5}
	EndGlobalSection
EndGlobal
